
Microsoft Visual Studio Solution File, Format Version 12.00
# Visual Studio Version 17
VisualStudioVersion = 17.2.32630.192
MinimumVisualStudioVersion = 10.0.40219.1
Project("{9A19103F-16F7-4668-BE54-9A1E7A4F7556}") = "PackageProvider", "PackageProvider\PackageProvider.csproj", "{FBC3BF90-5CF8-4089-AAB8-D815F1EC6455}"
EndProject
Project("{9A19103F-16F7-4668-BE54-9A1E7A4F7556}") = "PackageConsumer", "PackageConsumer\PackageConsumer.csproj", "{D2213A78-709D-476E-A870-357DD707895A}"
	ProjectSection(ProjectDependencies) = postProject
		{FBC3BF90-5CF8-4089-AAB8-D815F1EC6455} = {FBC3BF90-5CF8-4089-AAB8-D815F1EC6455}
	EndProjectSection
EndProject
Project("{2150E333-8FDC-42A3-9474-1A3956D46DE8}") = "_SolutionItems", "_SolutionItems", "{9C5FAB37-C6C4-429C-97DF-18F18C5FE22C}"
	ProjectSection(SolutionItems) = preProject
		NuGet.config = NuGet.config
		Project.Shared.props = Project.Shared.props
	EndProjectSection
EndProject
Global
	GlobalSection(SolutionConfigurationPlatforms) = preSolution
		Debug|Any CPU = Debug|Any CPU
		Release|Any CPU = Release|Any CPU
	EndGlobalSection
	GlobalSection(ProjectConfigurationPlatforms) = postSolution
		{FBC3BF90-5CF8-4089-AAB8-D815F1EC6455}.Debug|Any CPU.ActiveCfg = Debug|Any CPU
		{FBC3BF90-5CF8-4089-AAB8-D815F1EC6455}.Debug|Any CPU.Build.0 = Debug|Any CPU
		{FBC3BF90-5CF8-4089-AAB8-D815F1EC6455}.Release|Any CPU.ActiveCfg = Release|Any CPU
		{FBC3BF90-5CF8-4089-AAB8-D815F1EC6455}.Release|Any CPU.Build.0 = Release|Any CPU
		{D2213A78-709D-476E-A870-357DD707895A}.Debug|Any CPU.ActiveCfg = Debug|Any CPU
		{D2213A78-709D-476E-A870-357DD707895A}.Debug|Any CPU.Build.0 = Debug|Any CPU
		{D2213A78-709D-476E-A870-357DD707895A}.Release|Any CPU.ActiveCfg = Release|Any CPU
		{D2213A78-709D-476E-A870-357DD707895A}.Release|Any CPU.Build.0 = Release|Any CPU
	EndGlobalSection
	GlobalSection(SolutionProperties) = preSolution
		HideSolutionNode = FALSE
	EndGlobalSection
	GlobalSection(ExtensibilityGlobals) = postSolution
		SolutionGuid = {356D1FCD-CD1D-4CE8-BC2E-5AE3214BA697}
	EndGlobalSection
EndGlobal
